
Microsoft Visual Studio Solution File, Format Version 12.00
# Visual Studio Version 16
VisualStudioVersion = 16.0.30523.141
MinimumVisualStudioVersion = 10.0.40219.1
Project("{FAE04EC0-301F-11D3-BF4B-00C04F79EFBC}") = "PlaygroundReview.Android", "PlaygroundReview.Android\PlaygroundReview.Android.csproj", "{0083AB36-9854-4A5D-9E0C-DB865ED202F1}"
EndProject
Project("{FAE04EC0-301F-11D3-BF4B-00C04F79EFBC}") = "PlaygroundReview.iOS", "PlaygroundReview.iOS\PlaygroundReview.iOS.csproj", "{F3D8BCD8-C010-4084-810A-3B406CD0A2EB}"
EndProject
Project("{FAE04EC0-301F-11D3-BF4B-00C04F79EFBC}") = "PlaygroundReview", "PlaygroundReview\PlaygroundReview.csproj", "{D1B779D2-563F-4529-A12C-2B39CF3097CD}"
EndProject
Global
	GlobalSection(SolutionConfigurationPlatforms) = preSolution
		Debug|Any CPU = Debug|Any CPU
		Debug|iPhone = Debug|iPhone
		Debug|iPhoneSimulator = Debug|iPhoneSimulator
		Release|Any CPU = Release|Any CPU
		Release|iPhone = Release|iPhone
		Release|iPhoneSimulator = Release|iPhoneSimulator
	EndGlobalSection
	GlobalSection(ProjectConfigurationPlatforms) = postSolution
		{0083AB36-9854-4A5D-9E0C-DB865ED202F1}.Debug|Any CPU.ActiveCfg = Debug|Any CPU
		{0083AB36-9854-4A5D-9E0C-DB865ED202F1}.Debug|Any CPU.Build.0 = Debug|Any CPU
		{0083AB36-9854-4A5D-9E0C-DB865ED202F1}.Debug|Any CPU.Deploy.0 = Debug|Any CPU
		{0083AB36-9854-4A5D-9E0C-DB865ED202F1}.Debug|iPhone.ActiveCfg = Debug|Any CPU
		{0083AB36-9854-4A5D-9E0C-DB865ED202F1}.Debug|iPhone.Build.0 = Debug|Any CPU
		{0083AB36-9854-4A5D-9E0C-DB865ED202F1}.Debug|iPhone.Deploy.0 = Debug|Any CPU
		{0083AB36-9854-4A5D-9E0C-DB865ED202F1}.Debug|iPhoneSimulator.ActiveCfg = Debug|Any CPU
		{0083AB36-9854-4A5D-9E0C-DB865ED202F1}.Debug|iPhoneSimulator.Build.0 = Debug|Any CPU
		{0083AB36-9854-4A5D-9E0C-DB865ED202F1}.Debug|iPhoneSimulator.Deploy.0 = Debug|Any CPU
		{0083AB36-9854-4A5D-9E0C-DB865ED202F1}.Release|Any CPU.ActiveCfg = Release|Any CPU
		{0083AB36-9854-4A5D-9E0C-DB865ED202F1}.Release|Any CPU.Build.0 = Release|Any CPU
		{0083AB36-9854-4A5D-9E0C-DB865ED202F1}.Release|Any CPU.Deploy.0 = Release|Any CPU
		{0083AB36-9854-4A5D-9E0C-DB865ED202F1}.Release|iPhone.ActiveCfg = Release|Any CPU
		{0083AB36-9854-4A5D-9E0C-DB865ED202F1}.Release|iPhone.Build.0 = Release|Any CPU
		{0083AB36-9854-4A5D-9E0C-DB865ED202F1}.Release|iPhone.Deploy.0 = Release|Any CPU
		{0083AB36-9854-4A5D-9E0C-DB865ED202F1}.Release|iPhoneSimulator.ActiveCfg = Release|Any CPU
		{0083AB36-9854-4A5D-9E0C-DB865ED202F1}.Release|iPhoneSimulator.Build.0 = Release|Any CPU
		{0083AB36-9854-4A5D-9E0C-DB865ED202F1}.Release|iPhoneSimulator.Deploy.0 = Release|Any CPU
		{F3D8BCD8-C010-4084-810A-3B406CD0A2EB}.Debug|Any CPU.ActiveCfg = Debug|iPhone
		{F3D8BCD8-C010-4084-810A-3B406CD0A2EB}.Debug|Any CPU.Build.0 = Debug|iPhone
		{F3D8BCD8-C010-4084-810A-3B406CD0A2EB}.Debug|Any CPU.Deploy.0 = Debug|iPhone
		{F3D8BCD8-C010-4084-810A-3B406CD0A2EB}.Debug|iPhone.ActiveCfg = Debug|iPhone
		{F3D8BCD8-C010-4084-810A-3B406CD0A2EB}.Debug|iPhone.Build.0 = Debug|iPhone
		{F3D8BCD8-C010-4084-810A-3B406CD0A2EB}.Debug|iPhone.Deploy.0 = Debug|iPhone
		{F3D8BCD8-C010-4084-810A-3B406CD0A2EB}.Debug|iPhoneSimulator.ActiveCfg = Debug|iPhoneSimulator
		{F3D8BCD8-C010-4084-810A-3B406CD0A2EB}.Debug|iPhoneSimulator.Build.0 = Debug|iPhoneSimulator
		{F3D8BCD8-C010-4084-810A-3B406CD0A2EB}.Debug|iPhoneSimulator.Deploy.0 = Debug|iPhoneSimulator
		{F3D8BCD8-C010-4084-810A-3B406CD0A2EB}.Release|Any CPU.ActiveCfg = Release|iPhoneSimulator
		{F3D8BCD8-C010-4084-810A-3B406CD0A2EB}.Release|Any CPU.Build.0 = Release|iPhoneSimulator
		{F3D8BCD8-C010-4084-810A-3B406CD0A2EB}.Release|Any CPU.Deploy.0 = Release|iPhoneSimulator
		{F3D8BCD8-C010-4084-810A-3B406CD0A2EB}.Release|iPhone.ActiveCfg = Release|iPhone
		{F3D8BCD8-C010-4084-810A-3B406CD0A2EB}.Release|iPhone.Build.0 = Release|iPhone
		{F3D8BCD8-C010-4084-810A-3B406CD0A2EB}.Release|iPhone.Deploy.0 = Release|iPhone
		{F3D8BCD8-C010-4084-810A-3B406CD0A2EB}.Release|iPhoneSimulator.ActiveCfg = Release|iPhoneSimulator
		{F3D8BCD8-C010-4084-810A-3B406CD0A2EB}.Release|iPhoneSimulator.Build.0 = Release|iPhoneSimulator
		{F3D8BCD8-C010-4084-810A-3B406CD0A2EB}.Release|iPhoneSimulator.Deploy.0 = Release|iPhoneSimulator
		{D1B779D2-563F-4529-A12C-2B39CF3097CD}.Debug|Any CPU.ActiveCfg = Debug|Any CPU
		{D1B779D2-563F-4529-A12C-2B39CF3097CD}.Debug|Any CPU.Build.0 = Debug|Any CPU
		{D1B779D2-563F-4529-A12C-2B39CF3097CD}.Debug|Any CPU.Deploy.0 = Debug|Any CPU
		{D1B779D2-563F-4529-A12C-2B39CF3097CD}.Debug|iPhone.ActiveCfg = Debug|Any CPU
		{D1B779D2-563F-4529-A12C-2B39CF3097CD}.Debug|iPhone.Build.0 = Debug|Any CPU
		{D1B779D2-563F-4529-A12C-2B39CF3097CD}.Debug|iPhone.Deploy.0 = Debug|Any CPU
		{D1B779D2-563F-4529-A12C-2B39CF3097CD}.Debug|iPhoneSimulator.ActiveCfg = Debug|Any CPU
		{D1B779D2-563F-4529-A12C-2B39CF3097CD}.Debug|iPhoneSimulator.Build.0 = Debug|Any CPU
		{D1B779D2-563F-4529-A12C-2B39CF3097CD}.Debug|iPhoneSimulator.Deploy.0 = Debug|Any CPU
		{D1B779D2-563F-4529-A12C-2B39CF3097CD}.Release|Any CPU.ActiveCfg = Release|Any CPU
		{D1B779D2-563F-4529-A12C-2B39CF3097CD}.Release|Any CPU.Build.0 = Release|Any CPU
		{D1B779D2-563F-4529-A12C-2B39CF3097CD}.Release|Any CPU.Deploy.0 = Release|Any CPU
		{D1B779D2-563F-4529-A12C-2B39CF3097CD}.Release|iPhone.ActiveCfg = Release|Any CPU
		{D1B779D2-563F-4529-A12C-2B39CF3097CD}.Release|iPhone.Build.0 = Release|Any CPU
		{D1B779D2-563F-4529-A12C-2B39CF3097CD}.Release|iPhone.Deploy.0 = Release|Any CPU
		{D1B779D2-563F-4529-A12C-2B39CF3097CD}.Release|iPhoneSimulator.ActiveCfg = Release|Any CPU
		{D1B779D2-563F-4529-A12C-2B39CF3097CD}.Release|iPhoneSimulator.Build.0 = Release|Any CPU
		{D1B779D2-563F-4529-A12C-2B39CF3097CD}.Release|iPhoneSimulator.Deploy.0 = Release|Any CPU
	EndGlobalSection
	GlobalSection(SolutionProperties) = preSolution
		HideSolutionNode = FALSE
	EndGlobalSection
	GlobalSection(ExtensibilityGlobals) = postSolution
		SolutionGuid = {B44E5152-195C-4D07-AC29-D6569420DEE1}
	EndGlobalSection
EndGlobal
